// !$*UTF8*$!
{
	archiveVersion = 1;
	classes = {
	};
	objectVersion = 46;
	objects = {

/* Begin PBXBuildFile section */
		1A6B95791ADD59E8006A46CA /* main.m in Sources */ = {isa = PBXBuildFile; fileRef = 1A6B95781ADD59E8006A46CA /* main.m */; };
		1A6B957C1ADD59E8006A46CA /* AppDelegate.m in Sources */ = {isa = PBXBuildFile; fileRef = 1A6B957B1ADD59E8006A46CA /* AppDelegate.m */; };
		1A6B957F1ADD59E8006A46CA /* ViewController.m in Sources */ = {isa = PBXBuildFile; fileRef = 1A6B957E1ADD59E8006A46CA /* ViewController.m */; };
		1A6B95821ADD59E8006A46CA /* Main.storyboard in Resources */ = {isa = PBXBuildFile; fileRef = 1A6B95801ADD59E8006A46CA /* Main.storyboard */; };
		1A6B95841ADD59E8006A46CA /* Images.xcassets in Resources */ = {isa = PBXBuildFile; fileRef = 1A6B95831ADD59E8006A46CA /* Images.xcassets */; };
		1A6B95871ADD59E8006A46CA /* LaunchScreen.xib in Resources */ = {isa = PBXBuildFile; fileRef = 1A6B95851ADD59E8006A46CA /* LaunchScreen.xib */; };
		1A6B95931ADD59E8006A46CA /* Delegates2Tests.m in Sources */ = {isa = PBXBuildFile; fileRef = 1A6B95921ADD59E8006A46CA /* Delegates2Tests.m */; };
		1A6B95A01ADD5A55006A46CA /* Task.m in Sources */ = {isa = PBXBuildFile; fileRef = 1A6B959F1ADD5A55006A46CA /* Task.m */; };
		1A6B95A31ADD5DF4006A46CA /* Project.m in Sources */ = {isa = PBXBuildFile; fileRef = 1A6B95A21ADD5DF4006A46CA /* Project.m */; };
/* End PBXBuildFile section */

/* Begin PBXContainerItemProxy section */
		1A6B958D1ADD59E8006A46CA /* PBXContainerItemProxy */ = {
			isa = PBXContainerItemProxy;
			containerPortal = 1A6B956B1ADD59E8006A46CA /* Project object */;
			proxyType = 1;
			remoteGlobalIDString = 1A6B95721ADD59E8006A46CA;
			remoteInfo = Delegates2;
		};
/* End PBXContainerItemProxy section */

/* Begin PBXFileReference section */
		1A6B95731ADD59E8006A46CA /* Delegates2.app */ = {isa = PBXFileReference; explicitFileType = wrapper.application; includeInIndex = 0; path = Delegates2.app; sourceTree = BUILT_PRODUCTS_DIR; };
		1A6B95771ADD59E8006A46CA /* Info.plist */ = {isa = PBXFileReference; lastKnownFileType = text.plist.xml; path = Info.plist; sourceTree = "<group>"; };
		1A6B95781ADD59E8006A46CA /* main.m */ = {isa = PBXFileReference; lastKnownFileType = sourcecode.c.objc; path = main.m; sourceTree = "<group>"; };
		1A6B957A1ADD59E8006A46CA /* AppDelegate.h */ = {isa = PBXFileReference; lastKnownFileType = sourcecode.c.h; path = AppDelegate.h; sourceTree = "<group>"; };
		1A6B957B1ADD59E8006A46CA /* AppDelegate.m */ = {isa = PBXFileReference; lastKnownFileType = sourcecode.c.objc; path = AppDelegate.m; sourceTree = "<group>"; };
		1A6B957D1ADD59E8006A46CA /* ViewController.h */ = {isa = PBXFileReference; lastKnownFileType = sourcecode.c.h; name = ViewController.h; path = Delegates2/ViewController.h; sourceTree = "<group>"; };
		1A6B957E1ADD59E8006A46CA /* ViewController.m */ = {isa = PBXFileReference; lastKnownFileType = sourcecode.c.objc; name = ViewController.m; path = Delegates2/ViewController.m; sourceTree = "<group>"; };
		1A6B95811ADD59E8006A46CA /* Base */ = {isa = PBXFileReference; lastKnownFileType = file.storyboard; name = Base; path = Base.lproj/Main.storyboard; sourceTree = "<group>"; };
		1A6B95831ADD59E8006A46CA /* Images.xcassets */ = {isa = PBXFileReference; lastKnownFileType = folder.assetcatalog; path = Images.xcassets; sourceTree = "<group>"; };
		1A6B95861ADD59E8006A46CA /* Base */ = {isa = PBXFileReference; lastKnownFileType = file.xib; name = Base; path = Base.lproj/LaunchScreen.xib; sourceTree = "<group>"; };
		1A6B958C1ADD59E8006A46CA /* Delegates2Tests.xctest */ = {isa = PBXFileReference; explicitFileType = wrapper.cfbundle; includeInIndex = 0; path = Delegates2Tests.xctest; sourceTree = BUILT_PRODUCTS_DIR; };
		1A6B95911ADD59E8006A46CA /* Info.plist */ = {isa = PBXFileReference; lastKnownFileType = text.plist.xml; path = Info.plist; sourceTree = "<group>"; };
		1A6B95921ADD59E8006A46CA /* Delegates2Tests.m */ = {isa = PBXFileReference; lastKnownFileType = sourcecode.c.objc; path = Delegates2Tests.m; sourceTree = "<group>"; };
		1A6B959E1ADD5A55006A46CA /* Task.h */ = {isa = PBXFileReference; fileEncoding = 4; lastKnownFileType = sourcecode.c.h; path = Task.h; sourceTree = "<group>"; };
		1A6B959F1ADD5A55006A46CA /* Task.m */ = {isa = PBXFileReference; fileEncoding = 4; lastKnownFileType = sourcecode.c.objc; path = Task.m; sourceTree = "<group>"; };
		1A6B95A11ADD5DF4006A46CA /* Project.h */ = {isa = PBXFileReference; fileEncoding = 4; lastKnownFileType = sourcecode.c.h; path = Project.h; sourceTree = "<group>"; };
		1A6B95A21ADD5DF4006A46CA /* Project.m */ = {isa = PBXFileReference; fileEncoding = 4; lastKnownFileType = sourcecode.c.objc; path = Project.m; sourceTree = "<group>"; };
/* End PBXFileReference section */

/* Begin PBXFrameworksBuildPhase section */
		1A6B95701ADD59E8006A46CA /* Frameworks */ = {
			isa = PBXFrameworksBuildPhase;
			buildActionMask = 2147483647;
			files = (
			);
			runOnlyForDeploymentPostprocessing = 0;
		};
		1A6B95891ADD59E8006A46CA /* Frameworks */ = {
			isa = PBXFrameworksBuildPhase;
			buildActionMask = 2147483647;
			files = (
			);
			runOnlyForDeploymentPostprocessing = 0;
		};
/* End PBXFrameworksBuildPhase section */

/* Begin PBXGroup section */
		1A6B956A1ADD59E8006A46CA = {
			isa = PBXGroup;
			children = (
				1A6B959D1ADD5A28006A46CA /* Model */,
				1A6B959C1ADD5A1B006A46CA /* Controller */,
				1A6B95751ADD59E8006A46CA /* Delegates2 */,
				1A6B958F1ADD59E8006A46CA /* Delegates2Tests */,
				1A6B95741ADD59E8006A46CA /* Products */,
			);
			sourceTree = "<group>";
		};
		1A6B95741ADD59E8006A46CA /* Products */ = {
			isa = PBXGroup;
			children = (
				1A6B95731ADD59E8006A46CA /* Delegates2.app */,
				1A6B958C1ADD59E8006A46CA /* Delegates2Tests.xctest */,
			);
			name = Products;
			sourceTree = "<group>";
		};
		1A6B95751ADD59E8006A46CA /* Delegates2 */ = {
			isa = PBXGroup;
			children = (
				1A6B957A1ADD59E8006A46CA /* AppDelegate.h */,
				1A6B957B1ADD59E8006A46CA /* AppDelegate.m */,
				1A6B95801ADD59E8006A46CA /* Main.storyboard */,
				1A6B95831ADD59E8006A46CA /* Images.xcassets */,
				1A6B95851ADD59E8006A46CA /* LaunchScreen.xib */,
				1A6B95761ADD59E8006A46CA /* Supporting Files */,
			);
			path = Delegates2;
			sourceTree = "<group>";
		};
		1A6B95761ADD59E8006A46CA /* Supporting Files */ = {
			isa = PBXGroup;
			children = (
				1A6B95771ADD59E8006A46CA /* Info.plist */,
				1A6B95781ADD59E8006A46CA /* main.m */,
			);
			name = "Supporting Files";
			sourceTree = "<group>";
		};
		1A6B958F1ADD59E8006A46CA /* Delegates2Tests */ = {
			isa = PBXGroup;
			children = (
				1A6B95921ADD59E8006A46CA /* Delegates2Tests.m */,
				1A6B95901ADD59E8006A46CA /* Supporting Files */,
			);
			path = Delegates2Tests;
			sourceTree = "<group>";
		};
		1A6B95901ADD59E8006A46CA /* Supporting Files */ = {
			isa = PBXGroup;
			children = (
				1A6B95911ADD59E8006A46CA /* Info.plist */,
			);
			name = "Supporting Files";
			sourceTree = "<group>";
		};
		1A6B959C1ADD5A1B006A46CA /* Controller */ = {
			isa = PBXGroup;
			children = (
				1A6B957D1ADD59E8006A46CA /* ViewController.h */,
				1A6B957E1ADD59E8006A46CA /* ViewController.m */,
			);
			name = Controller;
			sourceTree = "<group>";
		};
		1A6B959D1ADD5A28006A46CA /* Model */ = {
			isa = PBXGroup;
			children = (
				1A6B959E1ADD5A55006A46CA /* Task.h */,
				1A6B959F1ADD5A55006A46CA /* Task.m */,
				1A6B95A11ADD5DF4006A46CA /* Project.h */,
				1A6B95A21ADD5DF4006A46CA /* Project.m */,
			);
			name = Model;
			sourceTree = "<group>";
		};
/* End PBXGroup section */

/* Begin PBXNativeTarget section */
		1A6B95721ADD59E8006A46CA /* Delegates2 */ = {
			isa = PBXNativeTarget;
			buildConfigurationList = 1A6B95961ADD59E8006A46CA /* Build configuration list for PBXNativeTarget "Delegates2" */;
			buildPhases = (
				1A6B956F1ADD59E8006A46CA /* Sources */,
				1A6B95701ADD59E8006A46CA /* Frameworks */,
				1A6B95711ADD59E8006A46CA /* Resources */,
			);
			buildRules = (
			);
			dependencies = (
			);
			name = Delegates2;
			productName = Delegates2;
			productReference = 1A6B95731ADD59E8006A46CA /* Delegates2.app */;
			productType = "com.apple.product-type.application";
		};
		1A6B958B1ADD59E8006A46CA /* Delegates2Tests */ = {
			isa = PBXNativeTarget;
			buildConfigurationList = 1A6B95991ADD59E8006A46CA /* Build configuration list for PBXNativeTarget "Delegates2Tests" */;
			buildPhases = (
				1A6B95881ADD59E8006A46CA /* Sources */,
				1A6B95891ADD59E8006A46CA /* Frameworks */,
				1A6B958A1ADD59E8006A46CA /* Resources */,
			);
			buildRules = (
			);
			dependencies = (
				1A6B958E1ADD59E8006A46CA /* PBXTargetDependency */,
			);
			name = Delegates2Tests;
			productName = Delegates2Tests;
			productReference = 1A6B958C1ADD59E8006A46CA /* Delegates2Tests.xctest */;
			productType = "com.apple.product-type.bundle.unit-test";
		};
/* End PBXNativeTarget section */

/* Begin PBXProject section */
		1A6B956B1ADD59E8006A46CA /* Project object */ = {
			isa = PBXProject;
			attributes = {
				LastUpgradeCheck = 0630;
				ORGANIZATIONNAME = "Yung Dai";
				TargetAttributes = {
					1A6B95721ADD59E8006A46CA = {
						CreatedOnToolsVersion = 6.3;
					};
					1A6B958B1ADD59E8006A46CA = {
						CreatedOnToolsVersion = 6.3;
						TestTargetID = 1A6B95721ADD59E8006A46CA;
					};
				};
			};
			buildConfigurationList = 1A6B956E1ADD59E8006A46CA /* Build configuration list for PBXProject "Delegates2" */;
			compatibilityVersion = "Xcode 3.2";
			developmentRegion = English;
			hasScannedForEncodings = 0;
			knownRegions = (
				en,
				Base,
			);
			mainGroup = 1A6B956A1ADD59E8006A46CA;
			productRefGroup = 1A6B95741ADD59E8006A46CA /* Products */;
			projectDirPath = "";
			projectRoot = "";
			targets = (
				1A6B95721ADD59E8006A46CA /* Delegates2 */,
				1A6B958B1ADD59E8006A46CA /* Delegates2Tests */,
			);
		};
/* End PBXProject section */

/* Begin PBXResourcesBuildPhase section */
		1A6B95711ADD59E8006A46CA /* Resources */ = {
			isa = PBXResourcesBuildPhase;
			buildActionMask = 2147483647;
			files = (
				1A6B95821ADD59E8006A46CA /* Main.storyboard in Resources */,
				1A6B95871ADD59E8006A46CA /* LaunchScreen.xib in Resources */,
				1A6B95841ADD59E8006A46CA /* Images.xcassets in Resources */,
			);
			runOnlyForDeploymentPostprocessing = 0;
		};
		1A6B958A1ADD59E8006A46CA /* Resources */ = {
			isa = PBXResourcesBuildPhase;
			buildActionMask = 2147483647;
			files = (
			);
			runOnlyForDeploymentPostprocessing = 0;
		};
/* End PBXResourcesBuildPhase section */

/* Begin PBXSourcesBuildPhase section */
		1A6B956F1ADD59E8006A46CA /* Sources */ = {
			isa = PBXSourcesBuildPhase;
			buildActionMask = 2147483647;
			files = (
				1A6B95A01ADD5A55006A46CA /* Task.m in Sources */,
				1A6B957F1ADD59E8006A46CA /* ViewController.m in Sources */,
				1A6B957C1ADD59E8006A46CA /* AppDelegate.m in Sources */,
				1A6B95A31ADD5DF4006A46CA /* Project.m in Sources */,
				1A6B95791ADD59E8006A46CA /* main.m in Sources */,
			);
			runOnlyForDeploymentPostprocessing = 0;
		};
		1A6B95881ADD59E8006A46CA /* Sources */ = {
			isa = PBXSourcesBuildPhase;
			buildActionMask = 2147483647;
			files = (
				1A6B95931ADD59E8006A46CA /* Delegates2Tests.m in Sources */,
			);
			runOnlyForDeploymentPostprocessing = 0;
		};
/* End PBXSourcesBuildPhase section */

/* Begin PBXTargetDependency section */
		1A6B958E1ADD59E8006A46CA /* PBXTargetDependency */ = {
			isa = PBXTargetDependency;
			target = 1A6B95721ADD59E8006A46CA /* Delegates2 */;
			targetProxy = 1A6B958D1ADD59E8006A46CA /* PBXContainerItemProxy */;
		};
/* End PBXTargetDependency section */

/* Begin PBXVariantGroup section */
		1A6B95801ADD59E8006A46CA /* Main.storyboard */ = {
			isa = PBXVariantGroup;
			children = (
				1A6B95811ADD59E8006A46CA /* Base */,
			);
			name = Main.storyboard;
			sourceTree = "<group>";
		};
		1A6B95851ADD59E8006A46CA /* LaunchScreen.xib */ = {
			isa = PBXVariantGroup;
			children = (
				1A6B95861ADD59E8006A46CA /* Base */,
			);
			name = LaunchScreen.xib;
			sourceTree = "<group>";
		};
/* End PBXVariantGroup section */

/* Begin XCBuildConfiguration section */
		1A6B95941ADD59E8006A46CA /* Debug */ = {
			isa = XCBuildConfiguration;
			buildSettings = {
				ALWAYS_SEARCH_USER_PATHS = NO;
				CLANG_CXX_LANGUAGE_STANDARD = "gnu++0x";
				CLANG_CXX_LIBRARY = "libc++";
				CLANG_ENABLE_MODULES = YES;
				CLANG_ENABLE_OBJC_ARC = YES;
				CLANG_WARN_BOOL_CONVERSION = YES;
				CLANG_WARN_CONSTANT_CONVERSION = YES;
				CLANG_WARN_DIRECT_OBJC_ISA_USAGE = YES_ERROR;
				CLANG_WARN_EMPTY_BODY = YES;
				CLANG_WARN_ENUM_CONVERSION = YES;
				CLANG_WARN_INT_CONVERSION = YES;
				CLANG_WARN_OBJC_ROOT_CLASS = YES_ERROR;
				CLANG_WARN_UNREACHABLE_CODE = YES;
				CLANG_WARN__DUPLICATE_METHOD_MATCH = YES;
				"CODE_SIGN_IDENTITY[sdk=iphoneos*]" = "iPhone Developer";
				COPY_PHASE_STRIP = NO;
				DEBUG_INFORMATION_FORMAT = "dwarf-with-dsym";
				ENABLE_STRICT_OBJC_MSGSEND = YES;
				GCC_C_LANGUAGE_STANDARD = gnu99;
				GCC_DYNAMIC_NO_PIC = NO;
				GCC_NO_COMMON_BLOCKS = YES;
				GCC_OPTIMIZATION_LEVEL = 0;
				GCC_PREPROCESSOR_DEFINITIONS = (
					"DEBUG=1",
					"$(inherited)",
				);
				GCC_SYMBOLS_PRIVATE_EXTERN = NO;
				GCC_WARN_64_TO_32_BIT_CONVERSION = YES;
				GCC_WARN_ABOUT_RETURN_TYPE = YES_ERROR;
				GCC_WARN_UNDECLARED_SELECTOR = YES;
				GCC_WARN_UNINITIALIZED_AUTOS = YES_AGGRESSIVE;
				GCC_WARN_UNUSED_FUNCTION = YES;
				GCC_WARN_UNUSED_VARIABLE = YES;
				IPHONEOS_DEPLOYMENT_TARGET = 8.3;
				MTL_ENABLE_DEBUG_INFO = YES;
				ONLY_ACTIVE_ARCH = YES;
				SDKROOT = iphoneos;
				TARGETED_DEVICE_FAMILY = "1,2";
			};
			name = Debug;
		};
		1A6B95951ADD59E8006A46CA /* Release */ = {
			isa = XCBuildConfiguration;
			buildSettings = {
				ALWAYS_SEARCH_USER_PATHS = NO;
				CLANG_CXX_LANGUAGE_STANDARD = "gnu++0x";
				CLANG_CXX_LIBRARY = "libc++";
				CLANG_ENABLE_MODULES = YES;
				CLANG_ENABLE_OBJC_ARC = YES;
				CLANG_WARN_BOOL_CONVERSION = YES;
				CLANG_WARN_CONSTANT_CONVERSION = YES;
				CLANG_WARN_DIRECT_OBJC_ISA_USAGE = YES_ERROR;
				CLANG_WARN_EMPTY_BODY = YES;
				CLANG_WARN_ENUM_CONVERSION = YES;
				CLANG_WARN_INT_CONVERSION = YES;
				CLANG_WARN_OBJC_ROOT_CLASS = YES_ERROR;
				CLANG_WARN_UNREACHABLE_CODE = YES;
				CLANG_WARN__DUPLICATE_METHOD_MATCH = YES;
				"CODE_SIGN_IDENTITY[sdk=iphoneos*]" = "iPhone Developer";
				COPY_PHASE_STRIP = NO;
				DEBUG_INFORMATION_FORMAT = "dwarf-with-dsym";
				ENABLE_NS_ASSERTIONS = NO;
				ENABLE_STRICT_OBJC_MSGSEND = YES;
				GCC_C_LANGUAGE_STANDARD = gnu99;
				GCC_NO_COMMON_BLOCKS = YES;
				GCC_WARN_64_TO_32_BIT_CONVERSION = YES;
				GCC_WARN_ABOUT_RETURN_TYPE = YES_ERROR;
				GCC_WARN_UNDECLARED_SELECTOR = YES;
				GCC_WARN_UNINITIALIZED_AUTOS = YES_AGGRESSIVE;
				GCC_WARN_UNUSED_FUNCTION = YES;
				GCC_WARN_UNUSED_VARIABLE = YES;
				IPHONEOS_DEPLOYMENT_TARGET = 8.3;
				MTL_ENABLE_DEBUG_INFO = NO;
				SDKROOT = iphoneos;
				TARGETED_DEVICE_FAMILY = "1,2";
				VALIDATE_PRODUCT = YES;
			};
			name = Release;
		};
		1A6B95971ADD59E8006A46CA /* Debug */ = {
			isa = XCBuildConfiguration;
			buildSettings = {
				ASSETCATALOG_COMPILER_APPICON_NAME = AppIcon;
				INFOPLIST_FILE = Delegates2/Info.plist;
				LD_RUNPATH_SEARCH_PATHS = "$(inherited) @executable_path/Frameworks";
				PRODUCT_NAME = "$(TARGET_NAME)";
			};
			name = Debug;
		};
		1A6B95981ADD59E8006A46CA /* Release */ = {
			isa = XCBuildConfiguration;
			buildSettings = {
				ASSETCATALOG_COMPILER_APPICON_NAME = AppIcon;
				INFOPLIST_FILE = Delegates2/Info.plist;
				LD_RUNPATH_SEARCH_PATHS = "$(inherited) @executable_path/Frameworks";
				PRODUCT_NAME = "$(TARGET_NAME)";
			};
			name = Release;
		};
		1A6B959A1ADD59E8006A46CA /* Debug */ = {
			isa = XCBuildConfiguration;
			buildSettings = {
				BUNDLE_LOADER = "$(TEST_HOST)";
				FRAMEWORK_SEARCH_PATHS = (
					"$(SDKROOT)/Developer/Library/Frameworks",
					"$(inherited)",
				);
				GCC_PREPROCESSOR_DEFINITIONS = (
					"DEBUG=1",
					"$(inherited)",
				);
				INFOPLIST_FILE = Delegates2Tests/Info.plist;
				LD_RUNPATH_SEARCH_PATHS = "$(inherited) @executable_path/Frameworks @loader_path/Frameworks";
				PRODUCT_NAME = "$(TARGET_NAME)";
				TEST_HOST = "$(BUILT_PRODUCTS_DIR)/Delegates2.app/Delegates2";
			};
			name = Debug;
		};
		1A6B959B1ADD59E8006A46CA /* Release */ = {
			isa = XCBuildConfiguration;
			buildSettings = {
				BUNDLE_LOADER = "$(TEST_HOST)";
				FRAMEWORK_SEARCH_PATHS = (
					"$(SDKROOT)/Developer/Library/Frameworks",
					"$(inherited)",
				);
				INFOPLIST_FILE = Delegates2Tests/Info.plist;
				LD_RUNPATH_SEARCH_PATHS = "$(inherited) @executable_path/Frameworks @loader_path/Frameworks";
				PRODUCT_NAME = "$(TARGET_NAME)";
				TEST_HOST = "$(BUILT_PRODUCTS_DIR)/Delegates2.app/Delegates2";
			};
			name = Release;
		};
/* End XCBuildConfiguration section */

/* Begin XCConfigurationList section */
		1A6B956E1ADD59E8006A46CA /* Build configuration list for PBXProject "Delegates2" */ = {
			isa = XCConfigurationList;
			buildConfigurations = (
				1A6B95941ADD59E8006A46CA /* Debug */,
				1A6B95951ADD59E8006A46CA /* Release */,
			);
			defaultConfigurationIsVisible = 0;
			defaultConfigurationName = Release;
		};
		1A6B95961ADD59E8006A46CA /* Build configuration list for PBXNativeTarget "Delegates2" */ = {
			isa = XCConfigurationList;
			buildConfigurations = (
				1A6B95971ADD59E8006A46CA /* Debug */,
				1A6B95981ADD59E8006A46CA /* Release */,
			);
			defaultConfigurationIsVisible = 0;
		};
		1A6B95991ADD59E8006A46CA /* Build configuration list for PBXNativeTarget "Delegates2Tests" */ = {
			isa = XCConfigurationList;
			buildConfigurations = (
				1A6B959A1ADD59E8006A46CA /* Debug */,
				1A6B959B1ADD59E8006A46CA /* Release */,
			);
			defaultConfigurationIsVisible = 0;
		};
/* End XCConfigurationList section */
	};
	rootObject = 1A6B956B1ADD59E8006A46CA /* Project object */;
}
